
Microsoft Visual Studio Solution File, Format Version 12.00
# Visual Studio Version 16
VisualStudioVersion = 16.0.30803.129
MinimumVisualStudioVersion = 10.0.40219.1
Project("{2150E333-8FDC-42A3-9474-1A3956D46DE8}") = "DB", "DB", "{73F4DD43-4640-4270-B037-35F49066C3F5}"
EndProject
Project("{2150E333-8FDC-42A3-9474-1A3956D46DE8}") = "Test", "Test", "{DBF869F9-A5C7-410E-B4C3-916504EE3A44}"
EndProject
Project("{2150E333-8FDC-42A3-9474-1A3956D46DE8}") = "Example", "Example", "{2A97C844-0157-4A45-8C68-B59E12B75B25}"
EndProject
Project("{9A19103F-16F7-4668-BE54-9A1E7A4F7556}") = "BeaconTower.Warehouse", "BeaconTower.Warehouse\BeaconTower.Warehouse.csproj", "{E84CC5C4-6124-405C-B8F7-7BF359072F88}"
EndProject
Project("{9A19103F-16F7-4668-BE54-9A1E7A4F7556}") = "Z.Test.TraceDB", "Test\Z.Test.TraceDB\Z.Test.TraceDB.csproj", "{07B73BFB-D3DC-4F8F-906D-A495572CF93B}"
EndProject
Project("{9A19103F-16F7-4668-BE54-9A1E7A4F7556}") = "Z.Example.TraceDB", "Example\Z.Example.TraceDB\Z.Example.TraceDB.csproj", "{171A9DF4-D04E-46EC-966C-7CE04F24087A}"
EndProject
Project("{2150E333-8FDC-42A3-9474-1A3956D46DE8}") = "Solution Items", "Solution Items", "{490AFAE2-CF7A-4B7B-999B-4B90925C32C1}"
	ProjectSection(SolutionItems) = preProject
		.editorconfig = .editorconfig
	EndProjectSection
EndProject
Project("{2150E333-8FDC-42A3-9474-1A3956D46DE8}") = "Grpc.Protocols", "Grpc.Protocols", "{ACF0E115-AD8F-4CC3-8469-371D217E58A6}"
	ProjectSection(SolutionItems) = preProject
		..\..\Protocol\common.proto = ..\..\Protocol\common.proto
		..\..\Protocol\enums.proto = ..\..\Protocol\enums.proto
		..\..\Protocol\log.proto = ..\..\Protocol\log.proto
		..\..\Protocol\methodTrace.proto = ..\..\Protocol\methodTrace.proto
		..\..\Protocol\nodeTrace.proto = ..\..\Protocol\nodeTrace.proto
		..\..\Protocol\request.proto = ..\..\Protocol\request.proto
		..\..\Protocol\response.proto = ..\..\Protocol\response.proto
	EndProjectSection
EndProject
Project("{2150E333-8FDC-42A3-9474-1A3956D46DE8}") = "Client", "Client", "{FA7966FE-5E7E-4BA1-8C58-4C6B7F5CAC31}"
EndProject
Project("{9A19103F-16F7-4668-BE54-9A1E7A4F7556}") = "BeaconTower.Warehouse.AspNetCore.Client.Example", "Example\BeaconTower.Warehouse.AspNetCore.Client.Example\BeaconTower.Warehouse.AspNetCore.Client.Example.csproj", "{9BCC62D1-A59E-4A00-B917-BF75D21DEF80}"
EndProject
Project("{9A19103F-16F7-4668-BE54-9A1E7A4F7556}") = "BeaconTower.Client.Abstract", "Client\BeaconTower.Client.Abstract\BeaconTower.Client.Abstract.csproj", "{3D797CBD-1FEB-434E-A722-E6583F357B37}"
EndProject
Project("{9A19103F-16F7-4668-BE54-9A1E7A4F7556}") = "BeaconTower.Client.AspNetCore", "Client\BeaconTower.Client.AspNetCore\BeaconTower.Client.AspNetCore.csproj", "{B7767182-16D7-4CEA-B9D4-2C3658161EEC}"
EndProject
Project("{9A19103F-16F7-4668-BE54-9A1E7A4F7556}") = "BeaconTower.Client.Warehouse.Grpc", "Client\BeaconTower.Client.Warehouse.Grpc\BeaconTower.Client.Warehouse.Grpc.csproj", "{1CEE0775-FF65-4DEE-9D16-15A055950B2A}"
EndProject
Project("{2150E333-8FDC-42A3-9474-1A3956D46DE8}") = "Realization", "Realization", "{7489F0C5-FB67-40EC-8068-465D98A94932}"
EndProject
Project("{9A19103F-16F7-4668-BE54-9A1E7A4F7556}") = "BeaconTower.Client.Console", "Client\BeaconTower.Client.Console\BeaconTower.Client.Console.csproj", "{89FE9827-DC8D-4088-87A9-C7BCA6E5C363}"
EndProject
Project("{9A19103F-16F7-4668-BE54-9A1E7A4F7556}") = "BeaconTower.TraceDB", "DB\BeaconTower.TraceDB\BeaconTower.TraceDB.csproj", "{5E664EA5-F727-491B-91DE-83060008E9FC}"
EndProject
Project("{2150E333-8FDC-42A3-9474-1A3956D46DE8}") = "Extends", "Extends", "{F113AAA1-6AC2-439E-AB15-CB010118AABE}"
EndProject
Project("{9A19103F-16F7-4668-BE54-9A1E7A4F7556}") = "BeaconTower.TraceDB.NodeTraceDB", "DB\Extends\BeaconTower.TraceDB.NodeTraceDB\BeaconTower.TraceDB.NodeTraceDB.csproj", "{3FAF52CA-FEB0-40EB-93F4-E5220B1ED4CE}"
EndProject
Project("{9A19103F-16F7-4668-BE54-9A1E7A4F7556}") = "Z.Example.NodeTraceDBTest", "Example\Z.Example.NodeTraceDBTest\Z.Example.NodeTraceDBTest.csproj", "{442001A2-5E81-4745-AF5C-B0A0F4A0A09A}"
EndProject
Global
	GlobalSection(SolutionConfigurationPlatforms) = preSolution
		Debug|Any CPU = Debug|Any CPU
		Release|Any CPU = Release|Any CPU
	EndGlobalSection
	GlobalSection(ProjectConfigurationPlatforms) = postSolution
		{E84CC5C4-6124-405C-B8F7-7BF359072F88}.Debug|Any CPU.ActiveCfg = Debug|Any CPU
		{E84CC5C4-6124-405C-B8F7-7BF359072F88}.Debug|Any CPU.Build.0 = Debug|Any CPU
		{E84CC5C4-6124-405C-B8F7-7BF359072F88}.Release|Any CPU.ActiveCfg = Release|Any CPU
		{E84CC5C4-6124-405C-B8F7-7BF359072F88}.Release|Any CPU.Build.0 = Release|Any CPU
		{07B73BFB-D3DC-4F8F-906D-A495572CF93B}.Debug|Any CPU.ActiveCfg = Debug|Any CPU
		{07B73BFB-D3DC-4F8F-906D-A495572CF93B}.Debug|Any CPU.Build.0 = Debug|Any CPU
		{07B73BFB-D3DC-4F8F-906D-A495572CF93B}.Release|Any CPU.ActiveCfg = Release|Any CPU
		{07B73BFB-D3DC-4F8F-906D-A495572CF93B}.Release|Any CPU.Build.0 = Release|Any CPU
		{171A9DF4-D04E-46EC-966C-7CE04F24087A}.Debug|Any CPU.ActiveCfg = Debug|Any CPU
		{171A9DF4-D04E-46EC-966C-7CE04F24087A}.Debug|Any CPU.Build.0 = Debug|Any CPU
		{171A9DF4-D04E-46EC-966C-7CE04F24087A}.Release|Any CPU.ActiveCfg = Release|Any CPU
		{171A9DF4-D04E-46EC-966C-7CE04F24087A}.Release|Any CPU.Build.0 = Release|Any CPU
		{9BCC62D1-A59E-4A00-B917-BF75D21DEF80}.Debug|Any CPU.ActiveCfg = Debug|Any CPU
		{9BCC62D1-A59E-4A00-B917-BF75D21DEF80}.Debug|Any CPU.Build.0 = Debug|Any CPU
		{9BCC62D1-A59E-4A00-B917-BF75D21DEF80}.Release|Any CPU.ActiveCfg = Release|Any CPU
		{9BCC62D1-A59E-4A00-B917-BF75D21DEF80}.Release|Any CPU.Build.0 = Release|Any CPU
		{3D797CBD-1FEB-434E-A722-E6583F357B37}.Debug|Any CPU.ActiveCfg = Debug|Any CPU
		{3D797CBD-1FEB-434E-A722-E6583F357B37}.Debug|Any CPU.Build.0 = Debug|Any CPU
		{3D797CBD-1FEB-434E-A722-E6583F357B37}.Release|Any CPU.ActiveCfg = Release|Any CPU
		{3D797CBD-1FEB-434E-A722-E6583F357B37}.Release|Any CPU.Build.0 = Release|Any CPU
		{B7767182-16D7-4CEA-B9D4-2C3658161EEC}.Debug|Any CPU.ActiveCfg = Debug|Any CPU
		{B7767182-16D7-4CEA-B9D4-2C3658161EEC}.Debug|Any CPU.Build.0 = Debug|Any CPU
		{B7767182-16D7-4CEA-B9D4-2C3658161EEC}.Release|Any CPU.ActiveCfg = Release|Any CPU
		{B7767182-16D7-4CEA-B9D4-2C3658161EEC}.Release|Any CPU.Build.0 = Release|Any CPU
		{1CEE0775-FF65-4DEE-9D16-15A055950B2A}.Debug|Any CPU.ActiveCfg = Debug|Any CPU
		{1CEE0775-FF65-4DEE-9D16-15A055950B2A}.Debug|Any CPU.Build.0 = Debug|Any CPU
		{1CEE0775-FF65-4DEE-9D16-15A055950B2A}.Release|Any CPU.ActiveCfg = Release|Any CPU
		{1CEE0775-FF65-4DEE-9D16-15A055950B2A}.Release|Any CPU.Build.0 = Release|Any CPU
		{89FE9827-DC8D-4088-87A9-C7BCA6E5C363}.Debug|Any CPU.ActiveCfg = Debug|Any CPU
		{89FE9827-DC8D-4088-87A9-C7BCA6E5C363}.Debug|Any CPU.Build.0 = Debug|Any CPU
		{89FE9827-DC8D-4088-87A9-C7BCA6E5C363}.Release|Any CPU.ActiveCfg = Release|Any CPU
		{89FE9827-DC8D-4088-87A9-C7BCA6E5C363}.Release|Any CPU.Build.0 = Release|Any CPU
		{5E664EA5-F727-491B-91DE-83060008E9FC}.Debug|Any CPU.ActiveCfg = Debug|Any CPU
		{5E664EA5-F727-491B-91DE-83060008E9FC}.Debug|Any CPU.Build.0 = Debug|Any CPU
		{5E664EA5-F727-491B-91DE-83060008E9FC}.Release|Any CPU.ActiveCfg = Release|Any CPU
		{5E664EA5-F727-491B-91DE-83060008E9FC}.Release|Any CPU.Build.0 = Release|Any CPU
		{3FAF52CA-FEB0-40EB-93F4-E5220B1ED4CE}.Debug|Any CPU.ActiveCfg = Debug|Any CPU
		{3FAF52CA-FEB0-40EB-93F4-E5220B1ED4CE}.Debug|Any CPU.Build.0 = Debug|Any CPU
		{3FAF52CA-FEB0-40EB-93F4-E5220B1ED4CE}.Release|Any CPU.ActiveCfg = Release|Any CPU
		{3FAF52CA-FEB0-40EB-93F4-E5220B1ED4CE}.Release|Any CPU.Build.0 = Release|Any CPU
		{442001A2-5E81-4745-AF5C-B0A0F4A0A09A}.Debug|Any CPU.ActiveCfg = Debug|Any CPU
		{442001A2-5E81-4745-AF5C-B0A0F4A0A09A}.Debug|Any CPU.Build.0 = Debug|Any CPU
		{442001A2-5E81-4745-AF5C-B0A0F4A0A09A}.Release|Any CPU.ActiveCfg = Release|Any CPU
		{442001A2-5E81-4745-AF5C-B0A0F4A0A09A}.Release|Any CPU.Build.0 = Release|Any CPU
	EndGlobalSection
	GlobalSection(SolutionProperties) = preSolution
		HideSolutionNode = FALSE
	EndGlobalSection
	GlobalSection(NestedProjects) = preSolution
		{07B73BFB-D3DC-4F8F-906D-A495572CF93B} = {DBF869F9-A5C7-410E-B4C3-916504EE3A44}
		{171A9DF4-D04E-46EC-966C-7CE04F24087A} = {2A97C844-0157-4A45-8C68-B59E12B75B25}
		{9BCC62D1-A59E-4A00-B917-BF75D21DEF80} = {2A97C844-0157-4A45-8C68-B59E12B75B25}
		{3D797CBD-1FEB-434E-A722-E6583F357B37} = {FA7966FE-5E7E-4BA1-8C58-4C6B7F5CAC31}
		{B7767182-16D7-4CEA-B9D4-2C3658161EEC} = {FA7966FE-5E7E-4BA1-8C58-4C6B7F5CAC31}
		{1CEE0775-FF65-4DEE-9D16-15A055950B2A} = {7489F0C5-FB67-40EC-8068-465D98A94932}
		{7489F0C5-FB67-40EC-8068-465D98A94932} = {FA7966FE-5E7E-4BA1-8C58-4C6B7F5CAC31}
		{89FE9827-DC8D-4088-87A9-C7BCA6E5C363} = {7489F0C5-FB67-40EC-8068-465D98A94932}
		{5E664EA5-F727-491B-91DE-83060008E9FC} = {73F4DD43-4640-4270-B037-35F49066C3F5}
		{F113AAA1-6AC2-439E-AB15-CB010118AABE} = {73F4DD43-4640-4270-B037-35F49066C3F5}
		{3FAF52CA-FEB0-40EB-93F4-E5220B1ED4CE} = {F113AAA1-6AC2-439E-AB15-CB010118AABE}
		{442001A2-5E81-4745-AF5C-B0A0F4A0A09A} = {2A97C844-0157-4A45-8C68-B59E12B75B25}
	EndGlobalSection
	GlobalSection(ExtensibilityGlobals) = postSolution
		SolutionGuid = {7C1D5E3F-9346-4028-90C4-458D0E5B48E4}
	EndGlobalSection
EndGlobal
